// !$*UTF8*$!
{
	archiveVersion = 1;
	classes = {
	};
	objectVersion = 77;
	objects = {

/* Begin PBXBuildFile section */
		4644A84C2E385C7800AF2DD1 /* WebKit.framework in Frameworks */ = {isa = PBXBuildFile; fileRef = 4644A84B2E385C7800AF2DD1 /* WebKit.framework */; };
/* End PBXBuildFile section */

/* Begin PBXCo			IPHO			IPH			INFOPLIST_KEY_UISupportedInterfaceOrientations_iPhone = "UIInterfaceOrientationPortrait UIInterfaceOrientationLandscapeLeft UIInterfaceOrientationLandscapeRight";
			IPHONEOS_DEPLOYMENT_TARGET = 18.0;
			LD_RUNPATH_SEARCH_PATHS = (
				"$(inherited)",
				"@executable_path/Frameworks",
			);
			MARKETING_VERSION = 1.0;
			PRODUCT_BUNDLE_IDENTIFIER = com.ricardo.SpotMe;
			PRODUCT_NAME = "$(TARGET_NAME)";
			SWIFT_EMIT_LOC_STRINGS = YES;OYMENT_TARGET = 18.0;
			LD_RUNPATH_SEARCH_PATHS = (
				"$(inherited)",
				"@executable_path/Frameworks",
			);
			MARKETING_VERSION = 1.0;
			PRODUCT_BUNDLE_IDENTIFIER = com.ricardo.SpotMe;
			PRODUCT_NAME = "$(TARGET_NAME)";LOYMENT_TARGET = 18.0;
			LD_RUNPATH_SEARCH_PATHS = (
				"$(inherited)",
				"@executable_path/Frameworks",
			);
			MARKETING_VERSION = 1.0;
			PRODUCT_BUNDLE_IDENTIFIER = com.ricardo.SpotMe;
			PRODUCT_NAME = "$(TARGET_NAME)";temProxy section */
		465876C42E381F3E00C4CB49 /* PBXContainerItemProxy */ = {
			isa = PBXContainerItemProxy;
			containerPortal = 465876A52E381F3D00C4CB49 /* Project object */;
			proxyType = 1;
			remoteGlobalIDString = 465876AC2E381F3D00C4CB49;
			remoteInfo = SpotMe;
		};
		465876CE2E381F3E00C4CB49 /* PBXContainerItemProxy */ = {
			isa = PBXContainerItemProxy;
			containerPortal = 465876A52E381F3D00C4CB49 /* Project object */;
			proxyType = 1;
			remoteGlobalIDString = 465876AC2E381F3D00C4CB49;
			remoteInfo = SpotMe;
		};
/* End PBXContainerItemProxy section */

/* Begin PBXFileReference section */
		4644A84B2E385C7800AF2DD1 /* WebKit.framework */ = {isa = PBXFileReference; lastKnownFileType = wrapper.framework; name = WebKit.framework; path = System/Library/Frameworks/WebKit.framework; sourceTree = SDKROOT; };
		465876AD2E381F3D00C4CB49 /* SpotMe.app */ = {isa = PBXFileReference; explicitFileType = wrapper.application; includeInIndex = 0; path = SpotMe.app; sourceTree = BUILT_PRODUCTS_DIR; };
		465876C32E381F3E00C4CB49 /* SpotMeTests.xctest */ = {isa = PBXFileReference; explicitFileType = wrapper.cfbundle; includeInIndex = 0; path = SpotMeTests.xctest; sourceTree = BUILT_PRODUCTS_DIR; };
		465876CD2E381F3E00C4CB49 /* SpotMeUITests.xctest */ = {isa = PBXFileReference; explicitFileType = wrapper.cfbundle; includeInIndex = 0; path = SpotMeUITests.xctest; sourceTree = BUILT_PRODUCTS_DIR; };
/* End PBXFileReference section */

/* Begin PBXFileSystemSynchronizedBuildFileExceptionSet section */
		465876D52E381F3E00C4CB49 /* Exceptions for "SpotMe" folder in "SpotMe" target */ = {
			isa = PBXFileSystemSynchronizedBuildFileExceptionSet;
			membershipExceptions = (
				Info.plist,
			);
			target = 465876AC2E381F3D00C4CB49 /* SpotMe */;
		};
/* End PBXFileSystemSynchronizedBuildFileExceptionSet section */

/* Begin PBXFileSystemSynchronizedRootGroup section */
		465876AF2E381F3D00C4CB49 /* SpotMe */ = {
			isa = PBXFileSystemSynchronizedRootGroup;
			exceptions = (
				465876D52E381F3E00C4CB49 /* Exceptions for "SpotMe" folder in "SpotMe" target */,
			);
			path = SpotMe;
			sourceTree = "<group>";
		};
		465876C62E381F3E00C4CB49 /* SpotMeTests */ = {
			isa = PBXFileSystemSynchronizedRootGroup;
			path = SpotMeTests;
			sourceTree = "<group>";
		};
		465876D02E381F3E00C4CB49 /* SpotMeUITests */ = {
			isa = PBXFileSystemSynchronizedRootGroup;
			path = SpotMeUITests;
			sourceTree = "<group>";
		};
/* End PBXFileSystemSynchronizedRootGroup section */

/* Begin PBXFrameworksBuildPhase section */
		465876AA2E381F3D00C4CB49 /* Frameworks */ = {
			isa = PBXFrameworksBuildPhase;
			buildActionMask = 2147483647;
			files = (
				4644A84C2E385C7800AF2DD1 /* WebKit.framework in Frameworks */,
			);
			runOnlyForDeploymentPostprocessing = 0;
		};
		465876C02E381F3E00C4CB49 /* Frameworks */ = {
			isa = PBXFrameworksBuildPhase;
			buildActionMask = 2147483647;
			files = (
			);
			runOnlyForDeploymentPostprocessing = 0;
		};
		465876CA2E381F3E00C4CB49 /* Frameworks */ = {
			isa = PBXFrameworksBuildPhase;
			buildActionMask = 2147483647;
			files = (
			);
			runOnlyForDeploymentPostprocessing = 0;
		};
/* End PBXFrameworksBuildPhase section */

/* Begin PBXGroup section */
		4644A84A2E385C7800AF2DD1 /* Frameworks */ = {
			isa = PBXGroup;
			children = (
				4644A84B2E385C7800AF2DD1 /* WebKit.framework */,
			);
			name = Frameworks;
			sourceTree = "<group>";
		};
		465876A42E381F3D00C4CB49 = {
			isa = PBXGroup;
			children = (
				465876AF2E381F3D00C4CB49 /* SpotMe */,
				465876C62E381F3E00C4CB49 /* SpotMeTests */,
				465876D02E381F3E00C4CB49 /* SpotMeUITests */,
				4644A84A2E385C7800AF2DD1 /* Frameworks */,
				465876AE2E381F3D00C4CB49 /* Products */,
			);
			sourceTree = "<group>";
		};
		465876AE2E381F3D00C4CB49 /* Products */ = {
			isa = PBXGroup;
			children = (
				465876AD2E381F3D00C4CB49 /* SpotMe.app */,
				465876C32E381F3E00C4CB49 /* SpotMeTests.xctest */,
				465876CD2E381F3E00C4CB49 /* SpotMeUITests.xctest */,
			);
			name = Products;
			sourceTree = "<group>";
		};
/* End PBXGroup section */

/* Begin PBXNativeTarget section */
		465876AC2E381F3D00C4CB49 /* SpotMe */ = {
			isa = PBXNativeTarget;
			buildConfigurationList = 465876D62E381F3E00C4CB49 /* Build configuration list for PBXNativeTarget "SpotMe" */;
			buildPhases = (
				465876A92E381F3D00C4CB49 /* Sources */,
				465876AA2E381F3D00C4CB49 /* Frameworks */,
				465876AB2E381F3D00C4CB49 /* Resources */,
			);
			buildRules = (
			);
			dependencies = (
			);
			fileSystemSynchronizedGroups = (
				465876AF2E381F3D00C4CB49 /* SpotMe */,
			);
			name = SpotMe;
			packageProductDependencies = (
			);
			productName = SpotMe;
			productReference = 465876AD2E381F3D00C4CB49 /* SpotMe.app */;
			productType = "com.apple.product-type.application";
		};
		465876C22E381F3E00C4CB49 /* SpotMeTests */ = {
			isa = PBXNativeTarget;
			buildConfigurationList = 465876DB2E381F3E00C4CB49 /* Build configuration list for PBXNativeTarget "SpotMeTests" */;
			buildPhases = (
				465876BF2E381F3E00C4CB49 /* Sources */,
				465876C02E381F3E00C4CB49 /* Frameworks */,
				465876C12E381F3E00C4CB49 /* Resources */,
			);
			buildRules = (
			);
			dependencies = (
				465876C52E381F3E00C4CB49 /* PBXTargetDependency */,
			);
			fileSystemSynchronizedGroups = (
				465876C62E381F3E00C4CB49 /* SpotMeTests */,
			);
			name = SpotMeTests;
			packageProductDependencies = (
			);
			productName = SpotMeTests;
			productReference = 465876C32E381F3E00C4CB49 /* SpotMeTests.xctest */;
			productType = "com.apple.product-type.bundle.unit-test";
		};
		465876CC2E381F3E00C4CB49 /* SpotMeUITests */ = {
			isa = PBXNativeTarget;
			buildConfigurationList = 465876DE2E381F3E00C4CB49 /* Build configuration list for PBXNativeTarget "SpotMeUITests" */;
			buildPhases = (
				465876C92E381F3E00C4CB49 /* Sources */,
				465876CA2E381F3E00C4CB49 /* Frameworks */,
				465876CB2E381F3E00C4CB49 /* Resources */,
			);
			buildRules = (
			);
			dependencies = (
				465876CF2E381F3E00C4CB49 /* PBXTargetDependency */,
			);
			fileSystemSynchronizedGroups = (
				465876D02E381F3E00C4CB49 /* SpotMeUITests */,
			);
			name = SpotMeUITests;
			packageProductDependencies = (
			);
			productName = SpotMeUITests;
			productReference = 465876CD2E381F3E00C4CB49 /* SpotMeUITests.xctest */;
			productType = "com.apple.product-type.bundle.ui-testing";
		};
/* End PBXNativeTarget section */

/* Begin PBXProject section */
		465876A52E381F3D00C4CB49 /* Project object */ = {
			isa = PBXProject;
			attributes = {
				BuildIndependentTargetsInParallel = 1;
				LastSwiftUpdateCheck = 1640;
				LastUpgradeCheck = 1640;
				TargetAttributes = {
					465876AC2E381F3D00C4CB49 = {
						CreatedOnToolsVersion = 16.4;
					};
					465876C22E381F3E00C4CB49 = {
						CreatedOnToolsVersion = 16.4;
						TestTargetID = 465876AC2E381F3D00C4CB49;
					};
					465876CC2E381F3E00C4CB49 = {
						CreatedOnToolsVersion = 16.4;
						TestTargetID = 465876AC2E381F3D00C4CB49;
					};
				};
			};
			buildConfigurationList = 465876A82E381F3D00C4CB49 /* Build configuration list for PBXProject "SpotMe" */;
			developmentRegion = en;
			hasScannedForEncodings = 0;
			knownRegions = (
				en,
				Base,
			);
			mainGroup = 465876A42E381F3D00C4CB49;
			minimizedProjectReferenceProxies = 1;
			preferredProjectObjectVersion = 77;
			productRefGroup = 465876AE2E381F3D00C4CB49 /* Products */;
			projectDirPath = "";
			projectRoot = "";
			targets = (
				465876AC2E381F3D00C4CB49 /* SpotMe */,
				465876C22E381F3E00C4CB49 /* SpotMeTests */,
				465876CC2E381F3E00C4CB49 /* SpotMeUITests */,
			);
		};
/* End PBXProject section */

/* Begin PBXResourcesBuildPhase section */
		465876AB2E381F3D00C4CB49 /* Resources */ = {
			isa = PBXResourcesBuildPhase;
			buildActionMask = 2147483647;
			files = (
			);
			runOnlyForDeploymentPostprocessing = 0;
		};
		465876C12E381F3E00C4CB49 /* Resources */ = {
			isa = PBXResourcesBuildPhase;
			buildActionMask = 2147483647;
			files = (
			);
			runOnlyForDeploymentPostprocessing = 0;
		};
		465876CB2E381F3E00C4CB49 /* Resources */ = {
			isa = PBXResourcesBuildPhase;
			buildActionMask = 2147483647;
			files = (
			);
			runOnlyForDeploymentPostprocessing = 0;
		};
/* End PBXResourcesBuildPhase section */

/* Begin PBXSourcesBuildPhase section */
		465876A92E381F3D00C4CB49 /* Sources */ = {
			isa = PBXSourcesBuildPhase;
			buildActionMask = 2147483647;
			files = (
			);
			runOnlyForDeploymentPostprocessing = 0;
		};
		465876BF2E381F3E00C4CB49 /* Sources */ = {
			isa = PBXSourcesBuildPhase;
			buildActionMask = 2147483647;
			files = (
			);
			runOnlyForDeploymentPostprocessing = 0;
		};
		465876C92E381F3E00C4CB49 /* Sources */ = {
			isa = PBXSourcesBuildPhase;
			buildActionMask = 2147483647;
			files = (
			);
			runOnlyForDeploymentPostprocessing = 0;
		};
/* End PBXSourcesBuildPhase section */

/* Begin PBXTargetDependency section */
		465876C52E381F3E00C4CB49 /* PBXTargetDependency */ = {
			isa = PBXTargetDependency;
			target = 465876AC2E381F3D00C4CB49 /* SpotMe */;
			targetProxy = 465876C42E381F3E00C4CB49 /* PBXContainerItemProxy */;
		};
		465876CF2E381F3E00C4CB49 /* PBXTargetDependency */ = {
			isa = PBXTargetDependency;
			target = 465876AC2E381F3D00C4CB49 /* SpotMe */;
			targetProxy = 465876CE2E381F3E00C4CB49 /* PBXContainerItemProxy */;
		};
/* End PBXTargetDependency section */

/* Begin XCBuildConfiguration section */
		465876D72E381F3E00C4CB49 /* Debug */ = {
			isa = XCBuildConfiguration;
			buildSettings = {
				ASSETCATALOG_COMPILER_APPICON_NAME = AppIcon;
				ASSETCATALOG_COMPILER_GLOBAL_ACCENT_COLOR_NAME = AccentColor;
				CODE_SIGN_STYLE = Automatic;
				CURRENT_PROJECT_VERSION = 1;
				DEVELOPMENT_TEAM = 233K97KH96;
				GENERATE_INFOPLIST_FILE = YES;
				INFOPLIST_FILE = SpotMe/Info.plist;
				INFOPLIST_KEY_NSCameraUsageDescription = "Necesitamos acceso a tu camara para leer el QR.";
				INFOPLIST_KEY_UIApplicationSupportsIndirectInputEvents = YES;
				INFOPLIST_KEY_UILaunchStoryboardName = LaunchScreen;
				INFOPLIST_KEY_UIMainStoryboardFile = Main;
				INFOPLIST_KEY_UISupportedInterfaceOrientations = UIInterfaceOrientationPortrait;
				IPHONEOS_DEPLOYMENT_TARGET = 18.0;
				LD_RUNPATH_SEARCH_PATHS = (
					"$(inherited)",
					"@executable_path/Frameworks",
				);
				MARKETING_VERSION = 1.0;
				PRODUCT_BUNDLE_IDENTIFIER = com.ricardo.SpotMe;
				PRODUCT_NAME = "$(TARGET_NAME)";
				SWIFT_EMIT_LOC_STRINGS = YES;
				SWIFT_VERSION = 5.0;
				TARGETED_DEVICE_FAMILY = "1,2";
			};
			name = Debug;
		};
		465876D82E381F3E00C4CB49 /* Release */ = {
			isa = XCBuildConfiguration;
			buildSettings = {
				ASSETCATALOG_COMPILER_APPICON_NAME = AppIcon;
				ASSETCATALOG_COMPILER_GLOBAL_ACCENT_COLOR_NAME = AccentColor;
				CODE_SIGN_STYLE = Automatic;
				CURRENT_PROJECT_VERSION = 1;
				DEVELOPMENT_TEAM = 233K97KH96;
				GENERATE_INFOPLIST_FILE = YES;
				INFOPLIST_FILE = SpotMe/Info.plist;
				INFOPLIST_KEY_NSCameraUsageDescription = "Necesitamos acceso a tu camara para leer el QR.";
				INFOPLIST_KEY_UIApplicationSupportsIndirectInputEvents = YES;
				INFOPLIST_KEY_UILaunchStoryboardName = LaunchScreen;
				INFOPLIST_KEY_UIMainStoryboardFile = Main;
				INFOPLIST_KEY_UISupportedInterfaceOrientations = UIInterfaceOrientationPortrait;
				IPHONEOS_DEPLOYMENT_TARGET = 18.0;
				LD_RUNPATH_SEARCH_PATHS = (
					"$(inherited)",
					"@executable_path/Frameworks",
				);
				MARKETING_VERSION = 1.0;
				PRODUCT_BUNDLE_IDENTIFIER = com.ricardo.SpotMe;
				PRODUCT_NAME = "$(TARGET_NAME)";
				SWIFT_EMIT_LOC_STRINGS = YES;
				SWIFT_VERSION = 5.0;
				TARGETED_DEVICE_FAMILY = "1,2";
			};
			name = Release;
		};
		465876D92E381F3E00C4CB49 /* Debug */ = {
			isa = XCBuildConfiguration;
			buildSettings = {
				ALWAYS_SEARCH_USER_PATHS = NO;
				ASSETCATALOG_COMPILER_GENERATE_SWIFT_ASSET_SYMBOL_EXTENSIONS = YES;
				CLANG_ANALYZER_NONNULL = YES;
				CLANG_ANALYZER_NUMBER_OBJECT_CONVERSION = YES_AGGRESSIVE;
				CLANG_CXX_LANGUAGE_STANDARD = "gnu++20";
				CLANG_ENABLE_MODULES = YES;
				CLANG_ENABLE_OBJC_ARC = YES;
				CLANG_ENABLE_OBJC_WEAK = YES;
				CLANG_WARN_BLOCK_CAPTURE_AUTORELEASING = YES;
				CLANG_WARN_BOOL_CONVERSION = YES;
				CLANG_WARN_COMMA = YES;
				CLANG_WARN_CONSTANT_CONVERSION = YES;
				CLANG_WARN_DEPRECATED_OBJC_IMPLEMENTATIONS = YES;
				CLANG_WARN_DIRECT_OBJC_ISA_USAGE = YES_ERROR;
				CLANG_WARN_DOCUMENTATION_COMMENTS = YES;
				CLANG_WARN_EMPTY_BODY = YES;
				CLANG_WARN_ENUM_CONVERSION = YES;
				CLANG_WARN_INFINITE_RECURSION = YES;
				CLANG_WARN_INT_CONVERSION = YES;
				CLANG_WARN_NON_LITERAL_NULL_CONVERSION = YES;
				CLANG_WARN_OBJC_IMPLICIT_RETAIN_SELF = YES;
				CLANG_WARN_OBJC_LITERAL_CONVERSION = YES;
				CLANG_WARN_OBJC_ROOT_CLASS = YES_ERROR;
				CLANG_WARN_QUOTED_INCLUDE_IN_FRAMEWORK_HEADER = YES;
				CLANG_WARN_RANGE_LOOP_ANALYSIS = YES;
				CLANG_WARN_STRICT_PROTOTYPES = YES;
				CLANG_WARN_SUSPICIOUS_MOVE = YES;
				CLANG_WARN_UNGUARDED_AVAILABILITY = YES_AGGRESSIVE;
				CLANG_WARN_UNREACHABLE_CODE = YES;
				CLANG_WARN__DUPLICATE_METHOD_MATCH = YES;
				COPY_PHASE_STRIP = NO;
				DEBUG_INFORMATION_FORMAT = dwarf;
				ENABLE_STRICT_OBJC_MSGSEND = YES;
				ENABLE_TESTABILITY = YES;
				ENABLE_USER_SCRIPT_SANDBOXING = YES;
				GCC_C_LANGUAGE_STANDARD = gnu17;
				GCC_DYNAMIC_NO_PIC = NO;
				GCC_NO_COMMON_BLOCKS = YES;
				GCC_OPTIMIZATION_LEVEL = 0;
				GCC_PREPROCESSOR_DEFINITIONS = (
					"DEBUG=1",
					"$(inherited)",
				);
				GCC_WARN_64_TO_32_BIT_CONVERSION = YES;
				GCC_WARN_ABOUT_RETURN_TYPE = YES_ERROR;
				GCC_WARN_UNDECLARED_SELECTOR = YES;
				GCC_WARN_UNINITIALIZED_AUTOS = YES_AGGRESSIVE;
				GCC_WARN_UNUSED_FUNCTION = YES;
				GCC_WARN_UNUSED_VARIABLE = YES;
				IPHONEOS_DEPLOYMENT_TARGET = 18.5;
				LOCALIZATION_PREFERS_STRING_CATALOGS = YES;
				MTL_ENABLE_DEBUG_INFO = INCLUDE_SOURCE;
				MTL_FAST_MATH = YES;
				ONLY_ACTIVE_ARCH = YES;
				SDKROOT = iphoneos;
				SWIFT_ACTIVE_COMPILATION_CONDITIONS = "DEBUG $(inherited)";
				SWIFT_OPTIMIZATION_LEVEL = "-Onone";
			};
			name = Debug;
		};
		465876DA2E381F3E00C4CB49 /* Release */ = {
			isa = XCBuildConfiguration;
			buildSettings = {
				ALWAYS_SEARCH_USER_PATHS = NO;
				ASSETCATALOG_COMPILER_GENERATE_SWIFT_ASSET_SYMBOL_EXTENSIONS = YES;
				CLANG_ANALYZER_NONNULL = YES;
				CLANG_ANALYZER_NUMBER_OBJECT_CONVERSION = YES_AGGRESSIVE;
				CLANG_CXX_LANGUAGE_STANDARD = "gnu++20";
				CLANG_ENABLE_MODULES = YES;
				CLANG_ENABLE_OBJC_ARC = YES;
				CLANG_ENABLE_OBJC_WEAK = YES;
				CLANG_WARN_BLOCK_CAPTURE_AUTORELEASING = YES;
				CLANG_WARN_BOOL_CONVERSION = YES;
				CLANG_WARN_COMMA = YES;
				CLANG_WARN_CONSTANT_CONVERSION = YES;
				CLANG_WARN_DEPRECATED_OBJC_IMPLEMENTATIONS = YES;
				CLANG_WARN_DIRECT_OBJC_ISA_USAGE = YES_ERROR;
				CLANG_WARN_DOCUMENTATION_COMMENTS = YES;
				CLANG_WARN_EMPTY_BODY = YES;
				CLANG_WARN_ENUM_CONVERSION = YES;
				CLANG_WARN_INFINITE_RECURSION = YES;
				CLANG_WARN_INT_CONVERSION = YES;
				CLANG_WARN_NON_LITERAL_NULL_CONVERSION = YES;
				CLANG_WARN_OBJC_IMPLICIT_RETAIN_SELF = YES;
				CLANG_WARN_OBJC_LITERAL_CONVERSION = YES;
				CLANG_WARN_OBJC_ROOT_CLASS = YES_ERROR;
				CLANG_WARN_QUOTED_INCLUDE_IN_FRAMEWORK_HEADER = YES;
				CLANG_WARN_RANGE_LOOP_ANALYSIS = YES;
				CLANG_WARN_STRICT_PROTOTYPES = YES;
				CLANG_WARN_SUSPICIOUS_MOVE = YES;
				CLANG_WARN_UNGUARDED_AVAILABILITY = YES_AGGRESSIVE;
				CLANG_WARN_UNREACHABLE_CODE = YES;
				CLANG_WARN__DUPLICATE_METHOD_MATCH = YES;
				COPY_PHASE_STRIP = NO;
				DEBUG_INFORMATION_FORMAT = "dwarf-with-dsym";
				ENABLE_NS_ASSERTIONS = NO;
				ENABLE_STRICT_OBJC_MSGSEND = YES;
				ENABLE_USER_SCRIPT_SANDBOXING = YES;
				GCC_C_LANGUAGE_STANDARD = gnu17;
				GCC_NO_COMMON_BLOCKS = YES;
				GCC_WARN_64_TO_32_BIT_CONVERSION = YES;
				GCC_WARN_ABOUT_RETURN_TYPE = YES_ERROR;
				GCC_WARN_UNDECLARED_SELECTOR = YES;
				GCC_WARN_UNINITIALIZED_AUTOS = YES_AGGRESSIVE;
				GCC_WARN_UNUSED_FUNCTION = YES;
				GCC_WARN_UNUSED_VARIABLE = YES;
				IPHONEOS_DEPLOYMENT_TARGET = 18.5;
				LOCALIZATION_PREFERS_STRING_CATALOGS = YES;
				MTL_ENABLE_DEBUG_INFO = NO;
				MTL_FAST_MATH = YES;
				SDKROOT = iphoneos;
				SWIFT_COMPILATION_MODE = wholemodule;
				VALIDATE_PRODUCT = YES;
			};
			name = Release;
		};
		465876DC2E381F3E00C4CB49 /* Debug */ = {
			isa = XCBuildConfiguration;
			buildSettings = {
				BUNDLE_LOADER = "$(TEST_HOST)";
				CODE_SIGN_STYLE = Automatic;
				CURRENT_PROJECT_VERSION = 1;
				GENERATE_INFOPLIST_FILE = YES;
				IPHONEOS_DEPLOYMENT_TARGET = 18.5;
				MARKETING_VERSION = 1.0;
				PRODUCT_BUNDLE_IDENTIFIER = Ticsis.SpotMeTests;
				PRODUCT_NAME = "$(TARGET_NAME)";
				SWIFT_EMIT_LOC_STRINGS = NO;
				SWIFT_VERSION = 5.0;
				TARGETED_DEVICE_FAMILY = "1,2";
				TEST_HOST = "$(BUILT_PRODUCTS_DIR)/SpotMe.app/$(BUNDLE_EXECUTABLE_FOLDER_PATH)/SpotMe";
			};
			name = Debug;
		};
		465876DD2E381F3E00C4CB49 /* Release */ = {
			isa = XCBuildConfiguration;
			buildSettings = {
				BUNDLE_LOADER = "$(TEST_HOST)";
				CODE_SIGN_STYLE = Automatic;
				CURRENT_PROJECT_VERSION = 1;
				GENERATE_INFOPLIST_FILE = YES;
				IPHONEOS_DEPLOYMENT_TARGET = 18.5;
				MARKETING_VERSION = 1.0;
				PRODUCT_BUNDLE_IDENTIFIER = Ticsis.SpotMeTests;
				PRODUCT_NAME = "$(TARGET_NAME)";
				SWIFT_EMIT_LOC_STRINGS = NO;
				SWIFT_VERSION = 5.0;
				TARGETED_DEVICE_FAMILY = "1,2";
				TEST_HOST = "$(BUILT_PRODUCTS_DIR)/SpotMe.app/$(BUNDLE_EXECUTABLE_FOLDER_PATH)/SpotMe";
			};
			name = Release;
		};
		465876DF2E381F3E00C4CB49 /* Debug */ = {
			isa = XCBuildConfiguration;
			buildSettings = {
				CODE_SIGN_STYLE = Automatic;
				CURRENT_PROJECT_VERSION = 1;
				GENERATE_INFOPLIST_FILE = YES;
				MARKETING_VERSION = 1.0;
				PRODUCT_BUNDLE_IDENTIFIER = Ticsis.SpotMeUITests;
				PRODUCT_NAME = "$(TARGET_NAME)";
				SWIFT_EMIT_LOC_STRINGS = NO;
				SWIFT_VERSION = 5.0;
				TARGETED_DEVICE_FAMILY = "1,2";
				TEST_TARGET_NAME = SpotMe;
			};
			name = Debug;
		};
		465876E02E381F3E00C4CB49 /* Release */ = {
			isa = XCBuildConfiguration;
			buildSettings = {
				CODE_SIGN_STYLE = Automatic;
				CURRENT_PROJECT_VERSION = 1;
				GENERATE_INFOPLIST_FILE = YES;
				MARKETING_VERSION = 1.0;
				PRODUCT_BUNDLE_IDENTIFIER = Ticsis.SpotMeUITests;
				PRODUCT_NAME = "$(TARGET_NAME)";
				SWIFT_EMIT_LOC_STRINGS = NO;
				SWIFT_VERSION = 5.0;
				TARGETED_DEVICE_FAMILY = "1,2";
				TEST_TARGET_NAME = SpotMe;
			};
			name = Release;
		};
/* End XCBuildConfiguration section */

/* Begin XCConfigurationList section */
		465876A82E381F3D00C4CB49 /* Build configuration list for PBXProject "SpotMe" */ = {
			isa = XCConfigurationList;
			buildConfigurations = (
				465876D92E381F3E00C4CB49 /* Debug */,
				465876DA2E381F3E00C4CB49 /* Release */,
			);
			defaultConfigurationIsVisible = 0;
			defaultConfigurationName = Release;
		};
		465876D62E381F3E00C4CB49 /* Build configuration list for PBXNativeTarget "SpotMe" */ = {
			isa = XCConfigurationList;
			buildConfigurations = (
				465876D72E381F3E00C4CB49 /* Debug */,
				465876D82E381F3E00C4CB49 /* Release */,
			);
			defaultConfigurationIsVisible = 0;
			defaultConfigurationName = Release;
		};
		465876DB2E381F3E00C4CB49 /* Build configuration list for PBXNativeTarget "SpotMeTests" */ = {
			isa = XCConfigurationList;
			buildConfigurations = (
				465876DC2E381F3E00C4CB49 /* Debug */,
				465876DD2E381F3E00C4CB49 /* Release */,
			);
			defaultConfigurationIsVisible = 0;
			defaultConfigurationName = Release;
		};
		465876DE2E381F3E00C4CB49 /* Build configuration list for PBXNativeTarget "SpotMeUITests" */ = {
			isa = XCConfigurationList;
			buildConfigurations = (
				465876DF2E381F3E00C4CB49 /* Debug */,
				465876E02E381F3E00C4CB49 /* Release */,
			);
			defaultConfigurationIsVisible = 0;
			defaultConfigurationName = Release;
		};
/* End XCConfigurationList section */
	};
	rootObject = 465876A52E381F3D00C4CB49 /* Project object */;
}
